
Microsoft Visual Studio Solution File, Format Version 12.00
# Visual Studio Version 17
VisualStudioVersion = 17.9.34616.47
MinimumVisualStudioVersion = 10.0.40219.1
Project("{FAE04EC0-301F-11D3-BF4B-00C04F79EFBC}") = "CalculatorCSharp", "CalculatorCSharp\CalculatorCSharp.csproj", "{AAD3570D-7334-4A5E-B683-94F9BA4CBB03}"
EndProject
Global
	GlobalSection(SolutionConfigurationPlatforms) = preSolution
		Debug|Any CPU = Debug|Any CPU
		Release|Any CPU = Release|Any CPU
	EndGlobalSection
	GlobalSection(ProjectConfigurationPlatforms) = postSolution
		{AAD3570D-7334-4A5E-B683-94F9BA4CBB03}.Debug|Any CPU.ActiveCfg = Debug|Any CPU
		{AAD3570D-7334-4A5E-B683-94F9BA4CBB03}.Debug|Any CPU.Build.0 = Debug|Any CPU
		{AAD3570D-7334-4A5E-B683-94F9BA4CBB03}.Release|Any CPU.ActiveCfg = Release|Any CPU
		{AAD3570D-7334-4A5E-B683-94F9BA4CBB03}.Release|Any CPU.Build.0 = Release|Any CPU
	EndGlobalSection
	GlobalSection(SolutionProperties) = preSolution
		HideSolutionNode = FALSE
	EndGlobalSection
	GlobalSection(ExtensibilityGlobals) = postSolution
		SolutionGuid = {B5E27399-7817-4C9C-AB49-B47DD91E87FE}
	EndGlobalSection
EndGlobal
